{
  "version": 4,
  "terraform_version": "1.3.4",
  "serial": 12,
  "lineage": "ebad5c5d-d7fb-d5b9-0ad7-29e1bd46b09b",
  "outputs": {},
  "resources": [
    {
      "module": "module.ResourceModule",
      "mode": "managed",
      "type": "azurerm_resource_group",
      "name": "example",
      "provider": "provider[\"registry.terraform.io/hashicorp/azurerm\"]",
      "instances": [
        {
          "schema_version": 0,
          "attributes": {
            "id": "/subscriptions/c883877a-627a-4b49-a7e8-f60b1db3abfc/resourceGroups/TerraformExample01RG",
            "location": "westus",
            "name": "TerraformExample01RG",
            "tags": null,
            "timeouts": null
          },
          "sensitive_attributes": [],
          "private": "eyJlMmJmYjczMC1lY2FhLTExZTYtOGY4OC0zNDM2M2JjN2M0YzAiOnsiY3JlYXRlIjo1NDAwMDAwMDAwMDAwLCJkZWxldGUiOjU0MDAwMDAwMDAwMDAsInJlYWQiOjMwMDAwMDAwMDAwMCwidXBkYXRlIjo1NDAwMDAwMDAwMDAwfX0="
        }
      ]
    },
    {
      "module": "module.StorageAccount",
      "mode": "managed",
      "type": "azurerm_storage_account",
      "name": "example",
      "provider": "provider[\"registry.terraform.io/hashicorp/azurerm\"]",
      "instances": [
        {
          "schema_version": 2,
          "attributes": {
            "access_tier": "Hot",
            "account_kind": "StorageV2",
            "account_replication_type": "GRS",
            "account_tier": "Standard",
            "allow_blob_public_access": false,
            "azure_files_authentication": [],
            "blob_properties": [
              {
                "change_feed_enabled": false,
                "container_delete_retention_policy": [],
                "cors_rule": [],
                "default_service_version": "",
                "delete_retention_policy": [],
                "last_access_time_enabled": false,
                "versioning_enabled": false
              }
            ],
            "custom_domain": [],
            "enable_https_traffic_only": true,
            "id": "/subscriptions/c883877a-627a-4b49-a7e8-f60b1db3abfc/resourceGroups/TerraformExample01RG/providers/Microsoft.Storage/storageAccounts/terraformexample015sx528",
            "identity": [],
            "is_hns_enabled": false,
            "large_file_share_enabled": null,
            "location": "westus",
            "min_tls_version": "TLS1_0",
            "name": "terraformexample015sx528",
            "network_rules": [
              {
                "bypass": [
                  "AzureServices"
                ],
                "default_action": "Allow",
                "ip_rules": [],
                "private_link_access": [],
                "virtual_network_subnet_ids": []
              }
            ],
            "nfsv3_enabled": false,
            "primary_access_key": "rN7rccL81Fa+Kqs0EwUy0f44wbTMx0H8yBcMw/xw5gpSgxrD1Ar+IFtviW4UgV52pCuhDgPKQ9/h+AStxVDiPg==",
            "primary_blob_connection_string": "DefaultEndpointsProtocol=https;BlobEndpoint=https://terraformexample015sx528.blob.core.windows.net/;AccountName=terraformexample015sx528;AccountKey=rN7rccL81Fa+Kqs0EwUy0f44wbTMx0H8yBcMw/xw5gpSgxrD1Ar+IFtviW4UgV52pCuhDgPKQ9/h+AStxVDiPg==",
            "primary_blob_endpoint": "https://terraformexample015sx528.blob.core.windows.net/",
            "primary_blob_host": "terraformexample015sx528.blob.core.windows.net",
            "primary_connection_string": "DefaultEndpointsProtocol=https;AccountName=terraformexample015sx528;AccountKey=rN7rccL81Fa+Kqs0EwUy0f44wbTMx0H8yBcMw/xw5gpSgxrD1Ar+IFtviW4UgV52pCuhDgPKQ9/h+AStxVDiPg==;EndpointSuffix=core.windows.net",
            "primary_dfs_endpoint": "https://terraformexample015sx528.dfs.core.windows.net/",
            "primary_dfs_host": "terraformexample015sx528.dfs.core.windows.net",
            "primary_file_endpoint": "https://terraformexample015sx528.file.core.windows.net/",
            "primary_file_host": "terraformexample015sx528.file.core.windows.net",
            "primary_location": "westus",
            "primary_queue_endpoint": "https://terraformexample015sx528.queue.core.windows.net/",
            "primary_queue_host": "terraformexample015sx528.queue.core.windows.net",
            "primary_table_endpoint": "https://terraformexample015sx528.table.core.windows.net/",
            "primary_table_host": "terraformexample015sx528.table.core.windows.net",
            "primary_web_endpoint": "https://terraformexample015sx528.z22.web.core.windows.net/",
            "primary_web_host": "terraformexample015sx528.z22.web.core.windows.net",
            "queue_encryption_key_type": "Service",
            "queue_properties": [
              {
                "cors_rule": [],
                "hour_metrics": [
                  {
                    "enabled": true,
                    "include_apis": true,
                    "retention_policy_days": 7,
                    "version": "1.0"
                  }
                ],
                "logging": [
                  {
                    "delete": false,
                    "read": false,
                    "retention_policy_days": 0,
                    "version": "1.0",
                    "write": false
                  }
                ],
                "minute_metrics": [
                  {
                    "enabled": false,
                    "include_apis": false,
                    "retention_policy_days": 0,
                    "version": "1.0"
                  }
                ]
              }
            ],
            "resource_group_name": "TerraformExample01RG",
            "routing": [],
            "secondary_access_key": "yZTjgCnIBCFqXNPz/j1EL9Ov3r0sQ+TIC5/HkEmbsgbLwzLdo3deM8T3zaVG1LYcLmEG0qRFYlGI+AStd+iSxw==",
            "secondary_blob_connection_string": "",
            "secondary_blob_endpoint": null,
            "secondary_blob_host": null,
            "secondary_connection_string": "DefaultEndpointsProtocol=https;AccountName=terraformexample015sx528;AccountKey=yZTjgCnIBCFqXNPz/j1EL9Ov3r0sQ+TIC5/HkEmbsgbLwzLdo3deM8T3zaVG1LYcLmEG0qRFYlGI+AStd+iSxw==;EndpointSuffix=core.windows.net",
            "secondary_dfs_endpoint": null,
            "secondary_dfs_host": null,
            "secondary_file_endpoint": null,
            "secondary_file_host": null,
            "secondary_location": "eastus",
            "secondary_queue_endpoint": null,
            "secondary_queue_host": null,
            "secondary_table_endpoint": null,
            "secondary_table_host": null,
            "secondary_web_endpoint": null,
            "secondary_web_host": null,
            "share_properties": [
              {
                "cors_rule": [],
                "retention_policy": [
                  {
                    "days": 7
                  }
                ],
                "smb": []
              }
            ],
            "shared_access_key_enabled": true,
            "static_website": [],
            "table_encryption_key_type": "Service",
            "tags": null,
            "timeouts": null
          },
          "sensitive_attributes": [],
          "private": "eyJlMmJmYjczMC1lY2FhLTExZTYtOGY4OC0zNDM2M2JjN2M0YzAiOnsiY3JlYXRlIjozNjAwMDAwMDAwMDAwLCJkZWxldGUiOjM2MDAwMDAwMDAwMDAsInJlYWQiOjMwMDAwMDAwMDAwMCwidXBkYXRlIjozNjAwMDAwMDAwMDAwfSwic2NoZW1hX3ZlcnNpb24iOiIyIn0=",
          "dependencies": [
            "module.ResourceModule.azurerm_resource_group.example",
            "module.StorageAccount.random_string.random"
          ]
        }
      ]
    },
    {
      "module": "module.StorageAccount",
      "mode": "managed",
      "type": "random_string",
      "name": "random",
      "provider": "provider[\"registry.terraform.io/hashicorp/random\"]",
      "instances": [
        {
          "schema_version": 2,
          "attributes": {
            "id": "5sx528",
            "keepers": null,
            "length": 6,
            "lower": true,
            "min_lower": 0,
            "min_numeric": 0,
            "min_special": 0,
            "min_upper": 0,
            "number": true,
            "numeric": true,
            "override_special": null,
            "result": "5sx528",
            "special": false,
            "upper": false
          },
          "sensitive_attributes": []
        }
      ]
    }
  ],
  "check_results": null
}
